
Microsoft Visual Studio Solution File, Format Version 12.00
# Visual Studio Version 16
VisualStudioVersion = 16.0.31321.278
MinimumVisualStudioVersion = 10.0.40219.1
Project("{FAE04EC0-301F-11D3-BF4B-00C04F79EFBC}") = "WebApiForm", "WebApiForm\WebApiForm.csproj", "{0D716157-ED41-4719-B094-AE183C94AA22}"
EndProject
Global
	GlobalSection(SolutionConfigurationPlatforms) = preSolution
		Debug|Any CPU = Debug|Any CPU
		Release|Any CPU = Release|Any CPU
	EndGlobalSection
	GlobalSection(ProjectConfigurationPlatforms) = postSolution
		{0D716157-ED41-4719-B094-AE183C94AA22}.Debug|Any CPU.ActiveCfg = Debug|Any CPU
		{0D716157-ED41-4719-B094-AE183C94AA22}.Debug|Any CPU.Build.0 = Debug|Any CPU
		{0D716157-ED41-4719-B094-AE183C94AA22}.Release|Any CPU.ActiveCfg = Release|Any CPU
		{0D716157-ED41-4719-B094-AE183C94AA22}.Release|Any CPU.Build.0 = Release|Any CPU
	EndGlobalSection
	GlobalSection(SolutionProperties) = preSolution
		HideSolutionNode = FALSE
	EndGlobalSection
	GlobalSection(ExtensibilityGlobals) = postSolution
		SolutionGuid = {A2621AD6-31F6-4493-9225-CC38ECA2C5FD}
	EndGlobalSection
EndGlobal
